// !$*UTF8*$!
{
	archiveVersion = 1;
	classes = {
	};
	objectVersion = 46;
	objects = {

/* Begin PBXBuildFile section */
		ABA7B4642BD07052D15CA074 /* BindingFromPublishedPropertyWithTranstionOnViewApp.swift in Sources */ = {isa = PBXBuildFile; fileRef = ABA7BBF5FEE41A94F5FF5D0C /* BindingFromPublishedPropertyWithTranstionOnViewApp.swift */; };
		ABA7B70ADAE76D9AAC438F53 /* Assets.xcassets in Resources */ = {isa = PBXBuildFile; fileRef = ABA7B728C7169E9374E5426B /* Assets.xcassets */; };
		ABA7B917129C0A92AD7F369C /* Assets.xcassets in Resources */ = {isa = PBXBuildFile; fileRef = ABA7B728C7169E9374E5426B /* Assets.xcassets */; };
		ABA7B9DD09F2D7E78B3988A5 /* ContentView.swift in Sources */ = {isa = PBXBuildFile; fileRef = ABA7B30963A47AF9E5E16C75 /* ContentView.swift */; };
		ABA7BC530BEB2D721B9A0934 /* BindingFromPublishedPropertyWithTranstionOnViewApp.swift in Sources */ = {isa = PBXBuildFile; fileRef = ABA7BBF5FEE41A94F5FF5D0C /* BindingFromPublishedPropertyWithTranstionOnViewApp.swift */; };
		ABA7BF78245EE86CCF9AC37B /* ContentView.swift in Sources */ = {isa = PBXBuildFile; fileRef = ABA7B30963A47AF9E5E16C75 /* ContentView.swift */; };
/* End PBXBuildFile section */

/* Begin PBXFileReference section */
		ABA7B286F23EE850C6AD8682 /* BindingFromPublishedPropertyWithTranstionOnView.app */ = {isa = PBXFileReference; explicitFileType = wrapper.application; includeInIndex = 0; path = BindingFromPublishedPropertyWithTranstionOnView.app; sourceTree = BUILT_PRODUCTS_DIR; };
		ABA7B30963A47AF9E5E16C75 /* ContentView.swift */ = {isa = PBXFileReference; lastKnownFileType = sourcecode.swift; path = ContentView.swift; sourceTree = "<group>"; };
		ABA7B52DD4B62497BCB89865 /* macOS.entitlements */ = {isa = PBXFileReference; lastKnownFileType = text.plist.entitlements; path = macOS.entitlements; sourceTree = "<group>"; };
		ABA7B728C7169E9374E5426B /* Assets.xcassets */ = {isa = PBXFileReference; lastKnownFileType = folder.assetcatalog; path = Assets.xcassets; sourceTree = "<group>"; };
		ABA7BBF5FEE41A94F5FF5D0C /* BindingFromPublishedPropertyWithTranstionOnViewApp.swift */ = {isa = PBXFileReference; lastKnownFileType = sourcecode.swift; path = BindingFromPublishedPropertyWithTranstionOnViewApp.swift; sourceTree = "<group>"; };
		ABA7BF6398E9D4D8996FB85F /* BindingFromPublishedPropertyWithTranstionOnView.app */ = {isa = PBXFileReference; explicitFileType = wrapper.application; includeInIndex = 0; path = BindingFromPublishedPropertyWithTranstionOnView.app; sourceTree = BUILT_PRODUCTS_DIR; };
/* End PBXFileReference section */

/* Begin PBXFrameworksBuildPhase section */
		ABA7B2F550578B9D67FE55D6 /* Frameworks */ = {
			isa = PBXFrameworksBuildPhase;
			buildActionMask = 2147483647;
			files = (
			);
			runOnlyForDeploymentPostprocessing = 0;
		};
		ABA7B5FD941D278D5833F202 /* Frameworks */ = {
			isa = PBXFrameworksBuildPhase;
			buildActionMask = 2147483647;
			files = (
			);
			runOnlyForDeploymentPostprocessing = 0;
		};
/* End PBXFrameworksBuildPhase section */

/* Begin PBXGroup section */
		ABA7B14549E833D8279393E7 /* Products */ = {
			isa = PBXGroup;
			children = (
				ABA7B286F23EE850C6AD8682 /* BindingFromPublishedPropertyWithTranstionOnView.app */,
				ABA7BF6398E9D4D8996FB85F /* BindingFromPublishedPropertyWithTranstionOnView.app */,
			);
			name = Products;
			sourceTree = "<group>";
		};
		ABA7BC9EA83EB61F45913863 = {
			isa = PBXGroup;
			children = (
				ABA7B14549E833D8279393E7 /* Products */,
				ABA7BEA7A5E15F2DD8556CE1 /* Shared */,
				ABA7BD2298DCFAEB8ADE0FDF /* macOS */,
			);
			sourceTree = "<group>";
		};
		ABA7BD2298DCFAEB8ADE0FDF /* macOS */ = {
			isa = PBXGroup;
			children = (
				ABA7B52DD4B62497BCB89865 /* macOS.entitlements */,
			);
			path = macOS;
			sourceTree = "<group>";
		};
		ABA7BEA7A5E15F2DD8556CE1 /* Shared */ = {
			isa = PBXGroup;
			children = (
				ABA7B728C7169E9374E5426B /* Assets.xcassets */,
				ABA7BBF5FEE41A94F5FF5D0C /* BindingFromPublishedPropertyWithTranstionOnViewApp.swift */,
				ABA7B30963A47AF9E5E16C75 /* ContentView.swift */,
			);
			path = Shared;
			sourceTree = "<group>";
		};
/* End PBXGroup section */

/* Begin PBXNativeTarget section */
		ABA7B28D8A0CD66A40834CA7 /* BindingFromPublishedPropertyWithTranstionOnView (iOS) */ = {
			isa = PBXNativeTarget;
			buildConfigurationList = ABA7B61B55391D3F9098260C /* Build configuration list for PBXNativeTarget "BindingFromPublishedPropertyWithTranstionOnView (iOS)" */;
			buildPhases = (
				ABA7BA3A00FE026477E40899 /* Sources */,
				ABA7B2F550578B9D67FE55D6 /* Frameworks */,
				ABA7B96B8E1D135684CD341A /* Resources */,
			);
			buildRules = (
			);
			dependencies = (
			);
			name = "BindingFromPublishedPropertyWithTranstionOnView (iOS)";
			productName = "BindingFromPublishedPropertyWithTranstionOnView (iOS)";
			productReference = ABA7B286F23EE850C6AD8682 /* BindingFromPublishedPropertyWithTranstionOnView.app */;
			productType = "com.apple.product-type.application";
		};
		ABA7BBA390EB58826C7C1524 /* BindingFromPublishedPropertyWithTranstionOnView (macOS) */ = {
			isa = PBXNativeTarget;
			buildConfigurationList = ABA7BBFBAEF9D520BC0F4CDD /* Build configuration list for PBXNativeTarget "BindingFromPublishedPropertyWithTranstionOnView (macOS)" */;
			buildPhases = (
				ABA7B250730E8405E0E215B5 /* Sources */,
				ABA7B5FD941D278D5833F202 /* Frameworks */,
				ABA7B3D37AD7F27BDBE1C028 /* Resources */,
			);
			buildRules = (
			);
			dependencies = (
			);
			name = "BindingFromPublishedPropertyWithTranstionOnView (macOS)";
			productName = "BindingFromPublishedPropertyWithTranstionOnView (macOS)";
			productReference = ABA7BF6398E9D4D8996FB85F /* BindingFromPublishedPropertyWithTranstionOnView.app */;
			productType = "com.apple.product-type.application";
		};
/* End PBXNativeTarget section */

/* Begin PBXProject section */
		ABA7B982B5F8400DDA8FD264 /* Project object */ = {
			isa = PBXProject;
			buildConfigurationList = ABA7BD8D2DE3F8A120F38BBB /* Build configuration list for PBXProject "BindingFromPublishedPropertyWithTranstionOnView" */;
			compatibilityVersion = "Xcode 3.2";
			developmentRegion = English;
			hasScannedForEncodings = 0;
			knownRegions = (
				en,
			);
			mainGroup = ABA7BC9EA83EB61F45913863;
			productRefGroup = ABA7B14549E833D8279393E7 /* Products */;
			projectDirPath = "";
			projectRoot = "";
			targets = (
				ABA7B28D8A0CD66A40834CA7 /* BindingFromPublishedPropertyWithTranstionOnView (iOS) */,
				ABA7BBA390EB58826C7C1524 /* BindingFromPublishedPropertyWithTranstionOnView (macOS) */,
			);
		};
/* End PBXProject section */

/* Begin PBXResourcesBuildPhase section */
		ABA7B3D37AD7F27BDBE1C028 /* Resources */ = {
			isa = PBXResourcesBuildPhase;
			buildActionMask = 2147483647;
			files = (
				ABA7B917129C0A92AD7F369C /* Assets.xcassets in Resources */,
			);
			runOnlyForDeploymentPostprocessing = 0;
		};
		ABA7B96B8E1D135684CD341A /* Resources */ = {
			isa = PBXResourcesBuildPhase;
			buildActionMask = 2147483647;
			files = (
				ABA7B70ADAE76D9AAC438F53 /* Assets.xcassets in Resources */,
			);
			runOnlyForDeploymentPostprocessing = 0;
		};
/* End PBXResourcesBuildPhase section */

/* Begin PBXSourcesBuildPhase section */
		ABA7B250730E8405E0E215B5 /* Sources */ = {
			isa = PBXSourcesBuildPhase;
			buildActionMask = 2147483647;
			files = (
				ABA7B4642BD07052D15CA074 /* BindingFromPublishedPropertyWithTranstionOnViewApp.swift in Sources */,
				ABA7BF78245EE86CCF9AC37B /* ContentView.swift in Sources */,
			);
			runOnlyForDeploymentPostprocessing = 0;
		};
		ABA7BA3A00FE026477E40899 /* Sources */ = {
			isa = PBXSourcesBuildPhase;
			buildActionMask = 2147483647;
			files = (
				ABA7BC530BEB2D721B9A0934 /* BindingFromPublishedPropertyWithTranstionOnViewApp.swift in Sources */,
				ABA7B9DD09F2D7E78B3988A5 /* ContentView.swift in Sources */,
			);
			runOnlyForDeploymentPostprocessing = 0;
		};
/* End PBXSourcesBuildPhase section */

/* Begin XCBuildConfiguration section */
		ABA7B424F4BADF89706E0A7C /* Release */ = {
			isa = XCBuildConfiguration;
			buildSettings = {
				ALWAYS_SEARCH_USER_PATHS = NO;
				CLANG_ANALYZER_NONNULL = YES;
				CLANG_ANALYZER_NUMBER_OBJECT_CONVERSION = YES_AGGRESSIVE;
				CLANG_CXX_LANGUAGE_STANDARD = "gnu++17";
				CLANG_ENABLE_MODULES = YES;
				CLANG_ENABLE_OBJC_ARC = YES;
				CLANG_ENABLE_OBJC_WEAK = YES;
				CLANG_WARN_BLOCK_CAPTURE_AUTORELEASING = YES;
				CLANG_WARN_BOOL_CONVERSION = YES;
				CLANG_WARN_COMMA = YES;
				CLANG_WARN_CONSTANT_CONVERSION = YES;
				CLANG_WARN_DEPRECATED_OBJC_IMPLEMENTATIONS = YES;
				CLANG_WARN_DIRECT_OBJC_ISA_USAGE = YES_ERROR;
				CLANG_WARN_DOCUMENTATION_COMMENTS = YES;
				CLANG_WARN_EMPTY_BODY = YES;
				CLANG_WARN_ENUM_CONVERSION = YES;
				CLANG_WARN_INFINITE_RECURSION = YES;
				CLANG_WARN_INT_CONVERSION = YES;
				CLANG_WARN_NON_LITERAL_NULL_CONVERSION = YES;
				CLANG_WARN_OBJC_IMPLICIT_RETAIN_SELF = YES;
				CLANG_WARN_OBJC_LITERAL_CONVERSION = YES;
				CLANG_WARN_OBJC_ROOT_CLASS = YES_ERROR;
				CLANG_WARN_QUOTED_INCLUDE_IN_FRAMEWORK_HEADER = YES;
				CLANG_WARN_RANGE_LOOP_ANALYSIS = YES;
				CLANG_WARN_STRICT_PROTOTYPES = YES;
				CLANG_WARN_SUSPICIOUS_MOVE = YES;
				CLANG_WARN_UNGUARDED_AVAILABILITY = YES_AGGRESSIVE;
				CLANG_WARN_UNREACHABLE_CODE = YES;
				CLANG_WARN__DUPLICATE_METHOD_MATCH = YES;
				COPY_PHASE_STRIP = NO;
				DEBUG_INFORMATION_FORMAT = "dwarf-with-dsym";
				ENABLE_NS_ASSERTIONS = NO;
				ENABLE_STRICT_OBJC_MSGSEND = YES;
				GCC_C_LANGUAGE_STANDARD = gnu11;
				GCC_NO_COMMON_BLOCKS = YES;
				GCC_WARN_64_TO_32_BIT_CONVERSION = YES;
				GCC_WARN_ABOUT_RETURN_TYPE = YES_ERROR;
				GCC_WARN_UNDECLARED_SELECTOR = YES;
				GCC_WARN_UNINITIALIZED_AUTOS = YES_AGGRESSIVE;
				GCC_WARN_UNUSED_FUNCTION = YES;
				GCC_WARN_UNUSED_VARIABLE = YES;
				MTL_ENABLE_DEBUG_INFO = NO;
				MTL_FAST_MATH = YES;
				SWIFT_COMPILATION_MODE = wholemodule;
				SWIFT_OPTIMIZATION_LEVEL = "-O";
			};
			name = Release;
		};
		ABA7B4416BD480EF9EEFB817 /* Release */ = {
			isa = XCBuildConfiguration;
			buildSettings = {
				ASSETCATALOG_COMPILER_APPICON_NAME = AppIcon;
				ASSETCATALOG_COMPILER_GLOBAL_ACCENT_COLOR_NAME = AccentColor;
				CURRENT_PROJECT_VERSION = 1;
				ENABLE_PREVIEWS = YES;
				GENERATE_INFOPLIST_FILE = YES;
				INFOPLIST_KEY_UIApplicationSceneManifest_Generation = YES;
				INFOPLIST_KEY_UIApplicationSupportsIndirectInputEvents = YES;
				INFOPLIST_KEY_UILaunchScreen_Generation = YES;
				INFOPLIST_KEY_UISupportedInterfaceOrientations_iPad = "UIInterfaceOrientationPortrait UIInterfaceOrientationPortraitUpsideDown UIInterfaceOrientationLandscapeLeft UIInterfaceOrientationLandscapeRight";
				INFOPLIST_KEY_UISupportedInterfaceOrientations_iPhone = "UIInterfaceOrientationPortrait UIInterfaceOrientationLandscapeLeft UIInterfaceOrientationLandscapeRight";
				IPHONEOS_DEPLOYMENT_TARGET = 15.5;
				LD_RUNPATH_SEARCH_PATHS = "$(inherited) @executable_path/Frameworks";
				MARKETING_VERSION = 1.0;
				PRODUCT_BUNDLE_IDENTIFIER = com.galenit.BindingFromPublishedPropertyWithTranstionOnView;
				PRODUCT_NAME = BindingFromPublishedPropertyWithTranstionOnView;
				SDKROOT = iphoneos;
				SWIFT_EMIT_LOC_STRINGS = YES;
				SWIFT_VERSION = 5.0;
				TARGETED_DEVICE_FAMILY = "1,2";
				VALIDATE_PRODUCT = YES;
			};
			name = Release;
		};
		ABA7B4BEC3EF5FBAFA082FFF /* Debug */ = {
			isa = XCBuildConfiguration;
			buildSettings = {
				ASSETCATALOG_COMPILER_APPICON_NAME = AppIcon;
				ASSETCATALOG_COMPILER_GLOBAL_ACCENT_COLOR_NAME = AccentColor;
				CURRENT_PROJECT_VERSION = 1;
				ENABLE_PREVIEWS = YES;
				GENERATE_INFOPLIST_FILE = YES;
				INFOPLIST_KEY_UIApplicationSceneManifest_Generation = YES;
				INFOPLIST_KEY_UIApplicationSupportsIndirectInputEvents = YES;
				INFOPLIST_KEY_UILaunchScreen_Generation = YES;
				INFOPLIST_KEY_UISupportedInterfaceOrientations_iPad = "UIInterfaceOrientationPortrait UIInterfaceOrientationPortraitUpsideDown UIInterfaceOrientationLandscapeLeft UIInterfaceOrientationLandscapeRight";
				INFOPLIST_KEY_UISupportedInterfaceOrientations_iPhone = "UIInterfaceOrientationPortrait UIInterfaceOrientationLandscapeLeft UIInterfaceOrientationLandscapeRight";
				IPHONEOS_DEPLOYMENT_TARGET = 15.5;
				LD_RUNPATH_SEARCH_PATHS = "$(inherited) @executable_path/Frameworks";
				MARKETING_VERSION = 1.0;
				PRODUCT_BUNDLE_IDENTIFIER = com.galenit.BindingFromPublishedPropertyWithTranstionOnView;
				PRODUCT_NAME = BindingFromPublishedPropertyWithTranstionOnView;
				SDKROOT = iphoneos;
				SWIFT_EMIT_LOC_STRINGS = YES;
				SWIFT_VERSION = 5.0;
				TARGETED_DEVICE_FAMILY = "1,2";
			};
			name = Debug;
		};
		ABA7BAEBA7461FE363EB26AC /* Debug */ = {
			isa = XCBuildConfiguration;
			buildSettings = {
				ALWAYS_SEARCH_USER_PATHS = NO;
				CLANG_ANALYZER_NONNULL = YES;
				CLANG_ANALYZER_NUMBER_OBJECT_CONVERSION = YES_AGGRESSIVE;
				CLANG_CXX_LANGUAGE_STANDARD = "gnu++17";
				CLANG_ENABLE_MODULES = YES;
				CLANG_ENABLE_OBJC_ARC = YES;
				CLANG_ENABLE_OBJC_WEAK = YES;
				CLANG_WARN_BLOCK_CAPTURE_AUTORELEASING = YES;
				CLANG_WARN_BOOL_CONVERSION = YES;
				CLANG_WARN_COMMA = YES;
				CLANG_WARN_CONSTANT_CONVERSION = YES;
				CLANG_WARN_DEPRECATED_OBJC_IMPLEMENTATIONS = YES;
				CLANG_WARN_DIRECT_OBJC_ISA_USAGE = YES_ERROR;
				CLANG_WARN_DOCUMENTATION_COMMENTS = YES;
				CLANG_WARN_EMPTY_BODY = YES;
				CLANG_WARN_ENUM_CONVERSION = YES;
				CLANG_WARN_INFINITE_RECURSION = YES;
				CLANG_WARN_INT_CONVERSION = YES;
				CLANG_WARN_NON_LITERAL_NULL_CONVERSION = YES;
				CLANG_WARN_OBJC_IMPLICIT_RETAIN_SELF = YES;
				CLANG_WARN_OBJC_LITERAL_CONVERSION = YES;
				CLANG_WARN_OBJC_ROOT_CLASS = YES_ERROR;
				CLANG_WARN_QUOTED_INCLUDE_IN_FRAMEWORK_HEADER = YES;
				CLANG_WARN_RANGE_LOOP_ANALYSIS = YES;
				CLANG_WARN_STRICT_PROTOTYPES = YES;
				CLANG_WARN_SUSPICIOUS_MOVE = YES;
				CLANG_WARN_UNGUARDED_AVAILABILITY = YES_AGGRESSIVE;
				CLANG_WARN_UNREACHABLE_CODE = YES;
				CLANG_WARN__DUPLICATE_METHOD_MATCH = YES;
				COPY_PHASE_STRIP = NO;
				DEBUG_INFORMATION_FORMAT = dwarf;
				ENABLE_STRICT_OBJC_MSGSEND = YES;
				ENABLE_TESTABILITY = YES;
				GCC_C_LANGUAGE_STANDARD = gnu11;
				GCC_DYNAMIC_NO_PIC = NO;
				GCC_NO_COMMON_BLOCKS = YES;
				GCC_OPTIMIZATION_LEVEL = 0;
				GCC_PREPROCESSOR_DEFINITIONS = (
					"DEBUG=1",
					"$(inherited)",
				);
				GCC_WARN_64_TO_32_BIT_CONVERSION = YES;
				GCC_WARN_ABOUT_RETURN_TYPE = YES_ERROR;
				GCC_WARN_UNDECLARED_SELECTOR = YES;
				GCC_WARN_UNINITIALIZED_AUTOS = YES_AGGRESSIVE;
				GCC_WARN_UNUSED_FUNCTION = YES;
				GCC_WARN_UNUSED_VARIABLE = YES;
				MTL_ENABLE_DEBUG_INFO = INCLUDE_SOURCE;
				MTL_FAST_MATH = YES;
				ONLY_ACTIVE_ARCH = YES;
				SWIFT_ACTIVE_COMPILATION_CONDITIONS = DEBUG;
				SWIFT_OPTIMIZATION_LEVEL = "-Onone";
			};
			name = Debug;
		};
		ABA7BDB5F9DDA4F1D630B4E8 /* Release */ = {
			isa = XCBuildConfiguration;
			buildSettings = {
				ASSETCATALOG_COMPILER_APPICON_NAME = AppIcon;
				ASSETCATALOG_COMPILER_GLOBAL_ACCENT_COLOR_NAME = AccentColor;
				CODE_SIGN_ENTITLEMENTS = macOS/macOS.entitlements;
				COMBINE_HIDPI_IMAGES = YES;
				CURRENT_PROJECT_VERSION = 1;
				ENABLE_PREVIEWS = YES;
				GENERATE_INFOPLIST_FILE = YES;
				INFOPLIST_KEY_NSHumanReadableCopyright = "";
				LD_RUNPATH_SEARCH_PATHS = "$(inherited) @executable_path/../Frameworks";
				MACOSX_DEPLOYMENT_TARGET = 13.0;
				MARKETING_VERSION = 1.0;
				PRODUCT_BUNDLE_IDENTIFIER = com.galenit.BindingFromPublishedPropertyWithTranstionOnView;
				PRODUCT_NAME = BindingFromPublishedPropertyWithTranstionOnView;
				SDKROOT = macosx;
				SWIFT_EMIT_LOC_STRINGS = YES;
				SWIFT_VERSION = 5.0;
			};
			name = Release;
		};
		ABA7BFB49BEA0DE8C9EDAC76 /* Debug */ = {
			isa = XCBuildConfiguration;
			buildSettings = {
				ASSETCATALOG_COMPILER_APPICON_NAME = AppIcon;
				ASSETCATALOG_COMPILER_GLOBAL_ACCENT_COLOR_NAME = AccentColor;
				CODE_SIGN_ENTITLEMENTS = macOS/macOS.entitlements;
				COMBINE_HIDPI_IMAGES = YES;
				CURRENT_PROJECT_VERSION = 1;
				ENABLE_PREVIEWS = YES;
				GENERATE_INFOPLIST_FILE = YES;
				INFOPLIST_KEY_NSHumanReadableCopyright = "";
				LD_RUNPATH_SEARCH_PATHS = "$(inherited) @executable_path/../Frameworks";
				MACOSX_DEPLOYMENT_TARGET = 13.0;
				MARKETING_VERSION = 1.0;
				PRODUCT_BUNDLE_IDENTIFIER = com.galenit.BindingFromPublishedPropertyWithTranstionOnView;
				PRODUCT_NAME = BindingFromPublishedPropertyWithTranstionOnView;
				SDKROOT = macosx;
				SWIFT_EMIT_LOC_STRINGS = YES;
				SWIFT_VERSION = 5.0;
			};
			name = Debug;
		};
/* End XCBuildConfiguration section */

/* Begin XCConfigurationList section */
		ABA7B61B55391D3F9098260C /* Build configuration list for PBXNativeTarget "BindingFromPublishedPropertyWithTranstionOnView (iOS)" */ = {
			isa = XCConfigurationList;
			buildConfigurations = (
				ABA7B4BEC3EF5FBAFA082FFF /* Debug */,
				ABA7B4416BD480EF9EEFB817 /* Release */,
			);
			defaultConfigurationIsVisible = 0;
		};
		ABA7BBFBAEF9D520BC0F4CDD /* Build configuration list for PBXNativeTarget "BindingFromPublishedPropertyWithTranstionOnView (macOS)" */ = {
			isa = XCConfigurationList;
			buildConfigurations = (
				ABA7BFB49BEA0DE8C9EDAC76 /* Debug */,
				ABA7BDB5F9DDA4F1D630B4E8 /* Release */,
			);
			defaultConfigurationIsVisible = 0;
		};
		ABA7BD8D2DE3F8A120F38BBB /* Build configuration list for PBXProject "BindingFromPublishedPropertyWithTranstionOnView" */ = {
			isa = XCConfigurationList;
			buildConfigurations = (
				ABA7BAEBA7461FE363EB26AC /* Debug */,
				ABA7B424F4BADF89706E0A7C /* Release */,
			);
			defaultConfigurationIsVisible = 0;
			defaultConfigurationName = Release;
		};
/* End XCConfigurationList section */
	};
	rootObject = ABA7B982B5F8400DDA8FD264 /* Project object */;
}
